// !$*UTF8*$!
{
	archiveVersion = 1;
	classes = {
	};
	objectVersion = 46;
	objects = {

/* Begin PBXBuildFile section */
		2F1CDF851C82C930001F83FA /* AppDelegate.swift in Sources */ = {isa = PBXBuildFile; fileRef = 2F1CDF841C82C930001F83FA /* AppDelegate.swift */; };
		2F1CDF871C82C930001F83FA /* ViewController.swift in Sources */ = {isa = PBXBuildFile; fileRef = 2F1CDF861C82C930001F83FA /* ViewController.swift */; };
		2F1CDF8A1C82C930001F83FA /* Main.storyboard in Resources */ = {isa = PBXBuildFile; fileRef = 2F1CDF881C82C930001F83FA /* Main.storyboard */; };
		2F1CDF8C1C82C930001F83FA /* Assets.xcassets in Resources */ = {isa = PBXBuildFile; fileRef = 2F1CDF8B1C82C930001F83FA /* Assets.xcassets */; };
		2F1CDF8F1C82C930001F83FA /* LaunchScreen.storyboard in Resources */ = {isa = PBXBuildFile; fileRef = 2F1CDF8D1C82C930001F83FA /* LaunchScreen.storyboard */; };
/* End PBXBuildFile section */

/* Begin PBXFileReference section */
		2F1CDF811C82C930001F83FA /* Red Page.app */ = {isa = PBXFileReference; explicitFileType = wrapper.application; includeInIndex = 0; path = "Red Page.app"; sourceTree = BUILT_PRODUCTS_DIR; };
		2F1CDF841C82C930001F83FA /* AppDelegate.swift */ = {isa = PBXFileReference; lastKnownFileType = sourcecode.swift; path = AppDelegate.swift; sourceTree = "<group>"; };
		2F1CDF861C82C930001F83FA /* ViewController.swift */ = {isa = PBXFileReference; lastKnownFileType = sourcecode.swift; path = ViewController.swift; sourceTree = "<group>"; };
		2F1CDF891C82C930001F83FA /* Base */ = {isa = PBXFileReference; lastKnownFileType = file.storyboard; name = Base; path = Base.lproj/Main.storyboard; sourceTree = "<group>"; };
		2F1CDF8B1C82C930001F83FA /* Assets.xcassets */ = {isa = PBXFileReference; lastKnownFileType = folder.assetcatalog; path = Assets.xcassets; sourceTree = "<group>"; };
		2F1CDF8E1C82C930001F83FA /* Base */ = {isa = PBXFileReference; lastKnownFileType = file.storyboard; name = Base; path = Base.lproj/LaunchScreen.storyboard; sourceTree = "<group>"; };
		2F1CDF901C82C930001F83FA /* Info.plist */ = {isa = PBXFileReference; lastKnownFileType = text.plist.xml; path = Info.plist; sourceTree = "<group>"; };
/* End PBXFileReference section */

/* Begin PBXFrameworksBuildPhase section */
		2F1CDF7E1C82C930001F83FA /* Frameworks */ = {
			isa = PBXFrameworksBuildPhase;
			buildActionMask = 2147483647;
			files = (
			);
			runOnlyForDeploymentPostprocessing = 0;
		};
/* End PBXFrameworksBuildPhase section */

/* Begin PBXGroup section */
		2F1CDF781C82C92F001F83FA = {
			isa = PBXGroup;
			children = (
				2F1CDF831C82C930001F83FA /* Red Page */,
				2F1CDF821C82C930001F83FA /* Products */,
			);
			sourceTree = "<group>";
		};
		2F1CDF821C82C930001F83FA /* Products */ = {
			isa = PBXGroup;
			children = (
				2F1CDF811C82C930001F83FA /* Red Page.app */,
			);
			name = Products;
			sourceTree = "<group>";
		};
		2F1CDF831C82C930001F83FA /* Red Page */ = {
			isa = PBXGroup;
			children = (
				2F1CDF841C82C930001F83FA /* AppDelegate.swift */,
				2F1CDF861C82C930001F83FA /* ViewController.swift */,
				2F1CDF881C82C930001F83FA /* Main.storyboard */,
				2F1CDF8B1C82C930001F83FA /* Assets.xcassets */,
				2F1CDF8D1C82C930001F83FA /* LaunchScreen.storyboard */,
				2F1CDF901C82C930001F83FA /* Info.plist */,
			);
			path = "Red Page";
			sourceTree = "<group>";
		};
/* End PBXGroup section */

/* Begin PBXNativeTarget section */
		2F1CDF801C82C930001F83FA /* Red Page */ = {
			isa = PBXNativeTarget;
			buildConfigurationList = 2F1CDF931C82C930001F83FA /* Build configuration list for PBXNativeTarget "Red Page" */;
			buildPhases = (
				2F1CDF7D1C82C930001F83FA /* Sources */,
				2F1CDF7E1C82C930001F83FA /* Frameworks */,
				2F1CDF7F1C82C930001F83FA /* Resources */,
			);
			buildRules = (
			);
			dependencies = (
			);
			name = "Red Page";
			productName = "Red Page";
			productReference = 2F1CDF811C82C930001F83FA /* Red Page.app */;
			productType = "com.apple.product-type.application";
		};
/* End PBXNativeTarget section */

/* Begin PBXProject section */
		2F1CDF791C82C92F001F83FA /* Project object */ = {
			isa = PBXProject;
			attributes = {
				LastSwiftUpdateCheck = 0710;
				LastUpgradeCheck = 0710;
				ORGANIZATIONNAME = "Pai Innovation";
				TargetAttributes = {
					2F1CDF801C82C930001F83FA = {
						CreatedOnToolsVersion = 7.1.1;
					};
				};
			};
			buildConfigurationList = 2F1CDF7C1C82C930001F83FA /* Build configuration list for PBXProject "Red Page" */;
			compatibilityVersion = "Xcode 3.2";
			developmentRegion = English;
			hasScannedForEncodings = 0;
			knownRegions = (
				en,
				Base,
			);
			mainGroup = 2F1CDF781C82C92F001F83FA;
			productRefGroup = 2F1CDF821C82C930001F83FA /* Products */;
			projectDirPath = "";
			projectRoot = "";
			targets = (
				2F1CDF801C82C930001F83FA /* Red Page */,
			);
		};
/* End PBXProject section */

/* Begin PBXResourcesBuildPhase section */
		2F1CDF7F1C82C930001F83FA /* Resources */ = {
			isa = PBXResourcesBuildPhase;
			buildActionMask = 2147483647;
			files = (
				2F1CDF8F1C82C930001F83FA /* LaunchScreen.storyboard in Resources */,
				2F1CDF8C1C82C930001F83FA /* Assets.xcassets in Resources */,
				2F1CDF8A1C82C930001F83FA /* Main.storyboard in Resources */,
			);
			runOnlyForDeploymentPostprocessing = 0;
		};
/* End PBXResourcesBuildPhase section */

/* Begin PBXSourcesBuildPhase section */
		2F1CDF7D1C82C930001F83FA /* Sources */ = {
			isa = PBXSourcesBuildPhase;
			buildActionMask = 2147483647;
			files = (
				2F1CDF871C82C930001F83FA /* ViewController.swift in Sources */,
				2F1CDF851C82C930001F83FA /* AppDelegate.swift in Sources */,
			);
			runOnlyForDeploymentPostprocessing = 0;
		};
/* End PBXSourcesBuildPhase section */

/* Begin PBXVariantGroup section */
		2F1CDF881C82C930001F83FA /* Main.storyboard */ = {
			isa = PBXVariantGroup;
			children = (
				2F1CDF891C82C930001F83FA /* Base */,
			);
			name = Main.storyboard;
			sourceTree = "<group>";
		};
		2F1CDF8D1C82C930001F83FA /* LaunchScreen.storyboard */ = {
			isa = PBXVariantGroup;
			children = (
				2F1CDF8E1C82C930001F83FA /* Base */,
			);
			name = LaunchScreen.storyboard;
			sourceTree = "<group>";
		};
/* End PBXVariantGroup section */

/* Begin XCBuildConfiguration section */
		2F1CDF911C82C930001F83FA /* Debug */ = {
			isa = XCBuildConfiguration;
			buildSettings = {
				ALWAYS_SEARCH_USER_PATHS = NO;
				CLANG_CXX_LANGUAGE_STANDARD = "gnu++0x";
				CLANG_CXX_LIBRARY = "libc++";
				CLANG_ENABLE_MODULES = YES;
				CLANG_ENABLE_OBJC_ARC = YES;
				CLANG_WARN_BOOL_CONVERSION = YES;
				CLANG_WARN_CONSTANT_CONVERSION = YES;
				CLANG_WARN_DIRECT_OBJC_ISA_USAGE = YES_ERROR;
				CLANG_WARN_EMPTY_BODY = YES;
				CLANG_WARN_ENUM_CONVERSION = YES;
				CLANG_WARN_INT_CONVERSION = YES;
				CLANG_WARN_OBJC_ROOT_CLASS = YES_ERROR;
				CLANG_WARN_UNREACHABLE_CODE = YES;
				CLANG_WARN__DUPLICATE_METHOD_MATCH = YES;
				"CODE_SIGN_IDENTITY[sdk=iphoneos*]" = "iPhone Developer";
				COPY_PHASE_STRIP = NO;
				DEBUG_INFORMATION_FORMAT = dwarf;
				ENABLE_STRICT_OBJC_MSGSEND = YES;
				ENABLE_TESTABILITY = YES;
				GCC_C_LANGUAGE_STANDARD = gnu99;
				GCC_DYNAMIC_NO_PIC = NO;
				GCC_NO_COMMON_BLOCKS = YES;
				GCC_OPTIMIZATION_LEVEL = 0;
				GCC_PREPROCESSOR_DEFINITIONS = (
					"DEBUG=1",
					"$(inherited)",
				);
				GCC_WARN_64_TO_32_BIT_CONVERSION = YES;
				GCC_WARN_ABOUT_RETURN_TYPE = YES_ERROR;
				GCC_WARN_UNDECLARED_SELECTOR = YES;
				GCC_WARN_UNINITIALIZED_AUTOS = YES_AGGRESSIVE;
				GCC_WARN_UNUSED_FUNCTION = YES;
				GCC_WARN_UNUSED_VARIABLE = YES;
				IPHONEOS_DEPLOYMENT_TARGET = 9.1;
				MTL_ENABLE_DEBUG_INFO = YES;
				ONLY_ACTIVE_ARCH = YES;
				SDKROOT = iphoneos;
				SWIFT_OPTIMIZATION_LEVEL = "-Onone";
				TARGETED_DEVICE_FAMILY = "1,2";
			};
			name = Debug;
		};
		2F1CDF921C82C930001F83FA /* Release */ = {
			isa = XCBuildConfiguration;
			buildSettings = {
				ALWAYS_SEARCH_USER_PATHS = NO;
				CLANG_CXX_LANGUAGE_STANDARD = "gnu++0x";
				CLANG_CXX_LIBRARY = "libc++";
				CLANG_ENABLE_MODULES = YES;
				CLANG_ENABLE_OBJC_ARC = YES;
				CLANG_WARN_BOOL_CONVERSION = YES;
				CLANG_WARN_CONSTANT_CONVERSION = YES;
				CLANG_WARN_DIRECT_OBJC_ISA_USAGE = YES_ERROR;
				CLANG_WARN_EMPTY_BODY = YES;
				CLANG_WARN_ENUM_CONVERSION = YES;
				CLANG_WARN_INT_CONVERSION = YES;
				CLANG_WARN_OBJC_ROOT_CLASS = YES_ERROR;
				CLANG_WARN_UNREACHABLE_CODE = YES;
				CLANG_WARN__DUPLICATE_METHOD_MATCH = YES;
				"CODE_SIGN_IDENTITY[sdk=iphoneos*]" = "iPhone Developer";
				COPY_PHASE_STRIP = NO;
				DEBUG_INFORMATION_FORMAT = "dwarf-with-dsym";
				ENABLE_NS_ASSERTIONS = NO;
				ENABLE_STRICT_OBJC_MSGSEND = YES;
				GCC_C_LANGUAGE_STANDARD = gnu99;
				GCC_NO_COMMON_BLOCKS = YES;
				GCC_WARN_64_TO_32_BIT_CONVERSION = YES;
				GCC_WARN_ABOUT_RETURN_TYPE = YES_ERROR;
				GCC_WARN_UNDECLARED_SELECTOR = YES;
				GCC_WARN_UNINITIALIZED_AUTOS = YES_AGGRESSIVE;
				GCC_WARN_UNUSED_FUNCTION = YES;
				GCC_WARN_UNUSED_VARIABLE = YES;
				IPHONEOS_DEPLOYMENT_TARGET = 9.1;
				MTL_ENABLE_DEBUG_INFO = NO;
				SDKROOT = iphoneos;
				TARGETED_DEVICE_FAMILY = "1,2";
				VALIDATE_PRODUCT = YES;
			};
			name = Release;
		};
		2F1CDF941C82C930001F83FA /* Debug */ = {
			isa = XCBuildConfiguration;
			buildSettings = {
				ASSETCATALOG_COMPILER_APPICON_NAME = AppIcon;
				INFOPLIST_FILE = "Red Page/Info.plist";
				LD_RUNPATH_SEARCH_PATHS = "$(inherited) @executable_path/Frameworks";
				PRODUCT_BUNDLE_IDENTIFIER = "com.mmpitech.Red-Page";
				PRODUCT_NAME = "$(TARGET_NAME)";
			};
			name = Debug;
		};
		2F1CDF951C82C930001F83FA /* Release */ = {
			isa = XCBuildConfiguration;
			buildSettings = {
				ASSETCATALOG_COMPILER_APPICON_NAME = AppIcon;
				INFOPLIST_FILE = "Red Page/Info.plist";
				LD_RUNPATH_SEARCH_PATHS = "$(inherited) @executable_path/Frameworks";
				PRODUCT_BUNDLE_IDENTIFIER = "com.mmpitech.Red-Page";
				PRODUCT_NAME = "$(TARGET_NAME)";
			};
			name = Release;
		};
/* End XCBuildConfiguration section */

/* Begin XCConfigurationList section */
		2F1CDF7C1C82C930001F83FA /* Build configuration list for PBXProject "Red Page" */ = {
			isa = XCConfigurationList;
			buildConfigurations = (
				2F1CDF911C82C930001F83FA /* Debug */,
				2F1CDF921C82C930001F83FA /* Release */,
			);
			defaultConfigurationIsVisible = 0;
			defaultConfigurationName = Release;
		};
		2F1CDF931C82C930001F83FA /* Build configuration list for PBXNativeTarget "Red Page" */ = {
			isa = XCConfigurationList;
			buildConfigurations = (
				2F1CDF941C82C930001F83FA /* Debug */,
				2F1CDF951C82C930001F83FA /* Release */,
			);
			defaultConfigurationIsVisible = 0;
		};
/* End XCConfigurationList section */
	};
	rootObject = 2F1CDF791C82C92F001F83FA /* Project object */;
}
